
Microsoft Visual Studio Solution File, Format Version 12.00
# Visual Studio Version 17
VisualStudioVersion = 17.14.36603.0 d17.14
MinimumVisualStudioVersion = 10.0.40219.1
Project("{FAE04EC0-301F-11D3-BF4B-00C04F79EFBC}") = "Final_Grp6_PROG3340", "Final_Grp6_PROG3340.csproj", "{B1C24817-BB00-4BA2-9A02-DD3FD58324B7}"
EndProject
Global
	GlobalSection(SolutionConfigurationPlatforms) = preSolution
		Debug|Any CPU = Debug|Any CPU
		Release|Any CPU = Release|Any CPU
	EndGlobalSection
	GlobalSection(ProjectConfigurationPlatforms) = postSolution
		{B1C24817-BB00-4BA2-9A02-DD3FD58324B7}.Debug|Any CPU.ActiveCfg = Debug|Any CPU
		{B1C24817-BB00-4BA2-9A02-DD3FD58324B7}.Debug|Any CPU.Build.0 = Debug|Any CPU
		{B1C24817-BB00-4BA2-9A02-DD3FD58324B7}.Release|Any CPU.ActiveCfg = Release|Any CPU
		{B1C24817-BB00-4BA2-9A02-DD3FD58324B7}.Release|Any CPU.Build.0 = Release|Any CPU
	EndGlobalSection
	GlobalSection(SolutionProperties) = preSolution
		HideSolutionNode = FALSE
	EndGlobalSection
	GlobalSection(ExtensibilityGlobals) = postSolution
		SolutionGuid = {C00A8391-7191-4B1B-A2BF-A017C0D21481}
	EndGlobalSection
EndGlobal
